// !$*UTF8*$!
{
	archiveVersion = 1;
	classes = {
	};
	objectVersion = 56;
	objects = {

/* Begin PBXBuildFile section */
		E73B95392A38383E003FEE45 /* CIRAWFilterExampleApp.swift in Sources */ = {isa = PBXBuildFile; fileRef = E73B95382A38383E003FEE45 /* CIRAWFilterExampleApp.swift */; };
		E73B953B2A38383E003FEE45 /* ContentView.swift in Sources */ = {isa = PBXBuildFile; fileRef = E73B953A2A38383E003FEE45 /* ContentView.swift */; };
		E73B953D2A38383F003FEE45 /* Assets.xcassets in Resources */ = {isa = PBXBuildFile; fileRef = E73B953C2A38383F003FEE45 /* Assets.xcassets */; };
		E73B95402A38383F003FEE45 /* Preview Assets.xcassets in Resources */ = {isa = PBXBuildFile; fileRef = E73B953F2A38383F003FEE45 /* Preview Assets.xcassets */; };
		E73B95472A38386E003FEE45 /* Adobe.dng in Resources */ = {isa = PBXBuildFile; fileRef = E73B95462A38386E003FEE45 /* Adobe.dng */; };
		E73B95492A383968003FEE45 /* ProRAW48.DNG in Resources */ = {isa = PBXBuildFile; fileRef = E73B95482A383968003FEE45 /* ProRAW48.DNG */; };
		E73B954B2A384DB3003FEE45 /* MetalView.swift in Sources */ = {isa = PBXBuildFile; fileRef = E73B954A2A384DB3003FEE45 /* MetalView.swift */; };
		E73B954D2A385C72003FEE45 /* ProRAW12.DNG in Resources */ = {isa = PBXBuildFile; fileRef = E73B954C2A385C72003FEE45 /* ProRAW12.DNG */; };
/* End PBXBuildFile section */

/* Begin PBXFileReference section */
		E73B95352A38383E003FEE45 /* CIRAWFilterExample.app */ = {isa = PBXFileReference; explicitFileType = wrapper.application; includeInIndex = 0; path = CIRAWFilterExample.app; sourceTree = BUILT_PRODUCTS_DIR; };
		E73B95382A38383E003FEE45 /* CIRAWFilterExampleApp.swift */ = {isa = PBXFileReference; lastKnownFileType = sourcecode.swift; path = CIRAWFilterExampleApp.swift; sourceTree = "<group>"; };
		E73B953A2A38383E003FEE45 /* ContentView.swift */ = {isa = PBXFileReference; lastKnownFileType = sourcecode.swift; path = ContentView.swift; sourceTree = "<group>"; };
		E73B953C2A38383F003FEE45 /* Assets.xcassets */ = {isa = PBXFileReference; lastKnownFileType = folder.assetcatalog; path = Assets.xcassets; sourceTree = "<group>"; };
		E73B953F2A38383F003FEE45 /* Preview Assets.xcassets */ = {isa = PBXFileReference; lastKnownFileType = folder.assetcatalog; path = "Preview Assets.xcassets"; sourceTree = "<group>"; };
		E73B95462A38386E003FEE45 /* Adobe.dng */ = {isa = PBXFileReference; lastKnownFileType = file; path = Adobe.dng; sourceTree = "<group>"; };
		E73B95482A383968003FEE45 /* ProRAW48.DNG */ = {isa = PBXFileReference; lastKnownFileType = file; path = ProRAW48.DNG; sourceTree = "<group>"; };
		E73B954A2A384DB3003FEE45 /* MetalView.swift */ = {isa = PBXFileReference; fileEncoding = 4; lastKnownFileType = sourcecode.swift; path = MetalView.swift; sourceTree = "<group>"; };
		E73B954C2A385C72003FEE45 /* ProRAW12.DNG */ = {isa = PBXFileReference; lastKnownFileType = file; path = ProRAW12.DNG; sourceTree = "<group>"; };
/* End PBXFileReference section */

/* Begin PBXFrameworksBuildPhase section */
		E73B95322A38383E003FEE45 /* Frameworks */ = {
			isa = PBXFrameworksBuildPhase;
			buildActionMask = 2147483647;
			files = (
			);
			runOnlyForDeploymentPostprocessing = 0;
		};
/* End PBXFrameworksBuildPhase section */

/* Begin PBXGroup section */
		E73B952C2A38383E003FEE45 = {
			isa = PBXGroup;
			children = (
				E73B95372A38383E003FEE45 /* CIRAWFilterExample */,
				E73B95362A38383E003FEE45 /* Products */,
			);
			sourceTree = "<group>";
		};
		E73B95362A38383E003FEE45 /* Products */ = {
			isa = PBXGroup;
			children = (
				E73B95352A38383E003FEE45 /* CIRAWFilterExample.app */,
			);
			name = Products;
			sourceTree = "<group>";
		};
		E73B95372A38383E003FEE45 /* CIRAWFilterExample */ = {
			isa = PBXGroup;
			children = (
				E73B95382A38383E003FEE45 /* CIRAWFilterExampleApp.swift */,
				E73B953A2A38383E003FEE45 /* ContentView.swift */,
				E73B954A2A384DB3003FEE45 /* MetalView.swift */,
				E73B95462A38386E003FEE45 /* Adobe.dng */,
				E73B95482A383968003FEE45 /* ProRAW48.DNG */,
				E73B954C2A385C72003FEE45 /* ProRAW12.DNG */,
				E73B953C2A38383F003FEE45 /* Assets.xcassets */,
				E73B953E2A38383F003FEE45 /* Preview Content */,
			);
			path = CIRAWFilterExample;
			sourceTree = "<group>";
		};
		E73B953E2A38383F003FEE45 /* Preview Content */ = {
			isa = PBXGroup;
			children = (
				E73B953F2A38383F003FEE45 /* Preview Assets.xcassets */,
			);
			path = "Preview Content";
			sourceTree = "<group>";
		};
/* End PBXGroup section */

/* Begin PBXNativeTarget section */
		E73B95342A38383E003FEE45 /* CIRAWFilterExample */ = {
			isa = PBXNativeTarget;
			buildConfigurationList = E73B95432A38383F003FEE45 /* Build configuration list for PBXNativeTarget "CIRAWFilterExample" */;
			buildPhases = (
				E73B95312A38383E003FEE45 /* Sources */,
				E73B95322A38383E003FEE45 /* Frameworks */,
				E73B95332A38383E003FEE45 /* Resources */,
			);
			buildRules = (
			);
			dependencies = (
			);
			name = CIRAWFilterExample;
			productName = CIRAWFilterExample;
			productReference = E73B95352A38383E003FEE45 /* CIRAWFilterExample.app */;
			productType = "com.apple.product-type.application";
		};
/* End PBXNativeTarget section */

/* Begin PBXProject section */
		E73B952D2A38383E003FEE45 /* Project object */ = {
			isa = PBXProject;
			attributes = {
				BuildIndependentTargetsInParallel = 1;
				LastSwiftUpdateCheck = 1430;
				LastUpgradeCheck = 1430;
				TargetAttributes = {
					E73B95342A38383E003FEE45 = {
						CreatedOnToolsVersion = 14.3;
					};
				};
			};
			buildConfigurationList = E73B95302A38383E003FEE45 /* Build configuration list for PBXProject "CIRAWFilterExample" */;
			compatibilityVersion = "Xcode 14.0";
			developmentRegion = en;
			hasScannedForEncodings = 0;
			knownRegions = (
				en,
				Base,
			);
			mainGroup = E73B952C2A38383E003FEE45;
			productRefGroup = E73B95362A38383E003FEE45 /* Products */;
			projectDirPath = "";
			projectRoot = "";
			targets = (
				E73B95342A38383E003FEE45 /* CIRAWFilterExample */,
			);
		};
/* End PBXProject section */

/* Begin PBXResourcesBuildPhase section */
		E73B95332A38383E003FEE45 /* Resources */ = {
			isa = PBXResourcesBuildPhase;
			buildActionMask = 2147483647;
			files = (
				E73B95492A383968003FEE45 /* ProRAW48.DNG in Resources */,
				E73B95472A38386E003FEE45 /* Adobe.dng in Resources */,
				E73B954D2A385C72003FEE45 /* ProRAW12.DNG in Resources */,
				E73B95402A38383F003FEE45 /* Preview Assets.xcassets in Resources */,
				E73B953D2A38383F003FEE45 /* Assets.xcassets in Resources */,
			);
			runOnlyForDeploymentPostprocessing = 0;
		};
/* End PBXResourcesBuildPhase section */

/* Begin PBXSourcesBuildPhase section */
		E73B95312A38383E003FEE45 /* Sources */ = {
			isa = PBXSourcesBuildPhase;
			buildActionMask = 2147483647;
			files = (
				E73B954B2A384DB3003FEE45 /* MetalView.swift in Sources */,
				E73B953B2A38383E003FEE45 /* ContentView.swift in Sources */,
				E73B95392A38383E003FEE45 /* CIRAWFilterExampleApp.swift in Sources */,
			);
			runOnlyForDeploymentPostprocessing = 0;
		};
/* End PBXSourcesBuildPhase section */

/* Begin XCBuildConfiguration section */
		E73B95412A38383F003FEE45 /* Debug */ = {
			isa = XCBuildConfiguration;
			buildSettings = {
				ALWAYS_SEARCH_USER_PATHS = NO;
				CLANG_ANALYZER_NONNULL = YES;
				CLANG_ANALYZER_NUMBER_OBJECT_CONVERSION = YES_AGGRESSIVE;
				CLANG_CXX_LANGUAGE_STANDARD = "gnu++20";
				CLANG_ENABLE_MODULES = YES;
				CLANG_ENABLE_OBJC_ARC = YES;
				CLANG_ENABLE_OBJC_WEAK = YES;
				CLANG_WARN_BLOCK_CAPTURE_AUTORELEASING = YES;
				CLANG_WARN_BOOL_CONVERSION = YES;
				CLANG_WARN_COMMA = YES;
				CLANG_WARN_CONSTANT_CONVERSION = YES;
				CLANG_WARN_DEPRECATED_OBJC_IMPLEMENTATIONS = YES;
				CLANG_WARN_DIRECT_OBJC_ISA_USAGE = YES_ERROR;
				CLANG_WARN_DOCUMENTATION_COMMENTS = YES;
				CLANG_WARN_EMPTY_BODY = YES;
				CLANG_WARN_ENUM_CONVERSION = YES;
				CLANG_WARN_INFINITE_RECURSION = YES;
				CLANG_WARN_INT_CONVERSION = YES;
				CLANG_WARN_NON_LITERAL_NULL_CONVERSION = YES;
				CLANG_WARN_OBJC_IMPLICIT_RETAIN_SELF = YES;
				CLANG_WARN_OBJC_LITERAL_CONVERSION = YES;
				CLANG_WARN_OBJC_ROOT_CLASS = YES_ERROR;
				CLANG_WARN_QUOTED_INCLUDE_IN_FRAMEWORK_HEADER = YES;
				CLANG_WARN_RANGE_LOOP_ANALYSIS = YES;
				CLANG_WARN_STRICT_PROTOTYPES = YES;
				CLANG_WARN_SUSPICIOUS_MOVE = YES;
				CLANG_WARN_UNGUARDED_AVAILABILITY = YES_AGGRESSIVE;
				CLANG_WARN_UNREACHABLE_CODE = YES;
				CLANG_WARN__DUPLICATE_METHOD_MATCH = YES;
				COPY_PHASE_STRIP = NO;
				DEBUG_INFORMATION_FORMAT = dwarf;
				ENABLE_STRICT_OBJC_MSGSEND = YES;
				ENABLE_TESTABILITY = YES;
				GCC_C_LANGUAGE_STANDARD = gnu11;
				GCC_DYNAMIC_NO_PIC = NO;
				GCC_NO_COMMON_BLOCKS = YES;
				GCC_OPTIMIZATION_LEVEL = 0;
				GCC_PREPROCESSOR_DEFINITIONS = (
					"DEBUG=1",
					"$(inherited)",
				);
				GCC_WARN_64_TO_32_BIT_CONVERSION = YES;
				GCC_WARN_ABOUT_RETURN_TYPE = YES_ERROR;
				GCC_WARN_UNDECLARED_SELECTOR = YES;
				GCC_WARN_UNINITIALIZED_AUTOS = YES_AGGRESSIVE;
				GCC_WARN_UNUSED_FUNCTION = YES;
				GCC_WARN_UNUSED_VARIABLE = YES;
				IPHONEOS_DEPLOYMENT_TARGET = 16.4;
				MTL_ENABLE_DEBUG_INFO = INCLUDE_SOURCE;
				MTL_FAST_MATH = YES;
				ONLY_ACTIVE_ARCH = YES;
				SDKROOT = iphoneos;
				SWIFT_ACTIVE_COMPILATION_CONDITIONS = DEBUG;
				SWIFT_OPTIMIZATION_LEVEL = "-Onone";
			};
			name = Debug;
		};
		E73B95422A38383F003FEE45 /* Release */ = {
			isa = XCBuildConfiguration;
			buildSettings = {
				ALWAYS_SEARCH_USER_PATHS = NO;
				CLANG_ANALYZER_NONNULL = YES;
				CLANG_ANALYZER_NUMBER_OBJECT_CONVERSION = YES_AGGRESSIVE;
				CLANG_CXX_LANGUAGE_STANDARD = "gnu++20";
				CLANG_ENABLE_MODULES = YES;
				CLANG_ENABLE_OBJC_ARC = YES;
				CLANG_ENABLE_OBJC_WEAK = YES;
				CLANG_WARN_BLOCK_CAPTURE_AUTORELEASING = YES;
				CLANG_WARN_BOOL_CONVERSION = YES;
				CLANG_WARN_COMMA = YES;
				CLANG_WARN_CONSTANT_CONVERSION = YES;
				CLANG_WARN_DEPRECATED_OBJC_IMPLEMENTATIONS = YES;
				CLANG_WARN_DIRECT_OBJC_ISA_USAGE = YES_ERROR;
				CLANG_WARN_DOCUMENTATION_COMMENTS = YES;
				CLANG_WARN_EMPTY_BODY = YES;
				CLANG_WARN_ENUM_CONVERSION = YES;
				CLANG_WARN_INFINITE_RECURSION = YES;
				CLANG_WARN_INT_CONVERSION = YES;
				CLANG_WARN_NON_LITERAL_NULL_CONVERSION = YES;
				CLANG_WARN_OBJC_IMPLICIT_RETAIN_SELF = YES;
				CLANG_WARN_OBJC_LITERAL_CONVERSION = YES;
				CLANG_WARN_OBJC_ROOT_CLASS = YES_ERROR;
				CLANG_WARN_QUOTED_INCLUDE_IN_FRAMEWORK_HEADER = YES;
				CLANG_WARN_RANGE_LOOP_ANALYSIS = YES;
				CLANG_WARN_STRICT_PROTOTYPES = YES;
				CLANG_WARN_SUSPICIOUS_MOVE = YES;
				CLANG_WARN_UNGUARDED_AVAILABILITY = YES_AGGRESSIVE;
				CLANG_WARN_UNREACHABLE_CODE = YES;
				CLANG_WARN__DUPLICATE_METHOD_MATCH = YES;
				COPY_PHASE_STRIP = NO;
				DEBUG_INFORMATION_FORMAT = "dwarf-with-dsym";
				ENABLE_NS_ASSERTIONS = NO;
				ENABLE_STRICT_OBJC_MSGSEND = YES;
				GCC_C_LANGUAGE_STANDARD = gnu11;
				GCC_NO_COMMON_BLOCKS = YES;
				GCC_WARN_64_TO_32_BIT_CONVERSION = YES;
				GCC_WARN_ABOUT_RETURN_TYPE = YES_ERROR;
				GCC_WARN_UNDECLARED_SELECTOR = YES;
				GCC_WARN_UNINITIALIZED_AUTOS = YES_AGGRESSIVE;
				GCC_WARN_UNUSED_FUNCTION = YES;
				GCC_WARN_UNUSED_VARIABLE = YES;
				IPHONEOS_DEPLOYMENT_TARGET = 16.4;
				MTL_ENABLE_DEBUG_INFO = NO;
				MTL_FAST_MATH = YES;
				SDKROOT = iphoneos;
				SWIFT_COMPILATION_MODE = wholemodule;
				SWIFT_OPTIMIZATION_LEVEL = "-O";
				VALIDATE_PRODUCT = YES;
			};
			name = Release;
		};
		E73B95442A38383F003FEE45 /* Debug */ = {
			isa = XCBuildConfiguration;
			buildSettings = {
				ASSETCATALOG_COMPILER_APPICON_NAME = AppIcon;
				ASSETCATALOG_COMPILER_GLOBAL_ACCENT_COLOR_NAME = AccentColor;
				CODE_SIGN_STYLE = Automatic;
				CURRENT_PROJECT_VERSION = 1;
				DEVELOPMENT_ASSET_PATHS = "\"CIRAWFilterExample/Preview Content\"";
				DEVELOPMENT_TEAM = ZKBU9ZVL37;
				ENABLE_PREVIEWS = YES;
				GENERATE_INFOPLIST_FILE = YES;
				INFOPLIST_KEY_UIApplicationSceneManifest_Generation = YES;
				INFOPLIST_KEY_UIApplicationSupportsIndirectInputEvents = YES;
				INFOPLIST_KEY_UILaunchScreen_Generation = YES;
				INFOPLIST_KEY_UISupportedInterfaceOrientations_iPad = "UIInterfaceOrientationPortrait UIInterfaceOrientationPortraitUpsideDown UIInterfaceOrientationLandscapeLeft UIInterfaceOrientationLandscapeRight";
				INFOPLIST_KEY_UISupportedInterfaceOrientations_iPhone = "UIInterfaceOrientationPortrait UIInterfaceOrientationLandscapeLeft UIInterfaceOrientationLandscapeRight";
				IPHONEOS_DEPLOYMENT_TARGET = 16.0;
				LD_RUNPATH_SEARCH_PATHS = (
					"$(inherited)",
					"@executable_path/Frameworks",
				);
				MARKETING_VERSION = 1.0;
				PRODUCT_BUNDLE_IDENTIFIER = VKostin.CIRAWFilterExample;
				PRODUCT_NAME = "$(TARGET_NAME)";
				SWIFT_EMIT_LOC_STRINGS = YES;
				SWIFT_VERSION = 5.0;
				TARGETED_DEVICE_FAMILY = "1,2";
			};
			name = Debug;
		};
		E73B95452A38383F003FEE45 /* Release */ = {
			isa = XCBuildConfiguration;
			buildSettings = {
				ASSETCATALOG_COMPILER_APPICON_NAME = AppIcon;
				ASSETCATALOG_COMPILER_GLOBAL_ACCENT_COLOR_NAME = AccentColor;
				CODE_SIGN_STYLE = Automatic;
				CURRENT_PROJECT_VERSION = 1;
				DEVELOPMENT_ASSET_PATHS = "\"CIRAWFilterExample/Preview Content\"";
				DEVELOPMENT_TEAM = ZKBU9ZVL37;
				ENABLE_PREVIEWS = YES;
				GENERATE_INFOPLIST_FILE = YES;
				INFOPLIST_KEY_UIApplicationSceneManifest_Generation = YES;
				INFOPLIST_KEY_UIApplicationSupportsIndirectInputEvents = YES;
				INFOPLIST_KEY_UILaunchScreen_Generation = YES;
				INFOPLIST_KEY_UISupportedInterfaceOrientations_iPad = "UIInterfaceOrientationPortrait UIInterfaceOrientationPortraitUpsideDown UIInterfaceOrientationLandscapeLeft UIInterfaceOrientationLandscapeRight";
				INFOPLIST_KEY_UISupportedInterfaceOrientations_iPhone = "UIInterfaceOrientationPortrait UIInterfaceOrientationLandscapeLeft UIInterfaceOrientationLandscapeRight";
				IPHONEOS_DEPLOYMENT_TARGET = 16.0;
				LD_RUNPATH_SEARCH_PATHS = (
					"$(inherited)",
					"@executable_path/Frameworks",
				);
				MARKETING_VERSION = 1.0;
				PRODUCT_BUNDLE_IDENTIFIER = VKostin.CIRAWFilterExample;
				PRODUCT_NAME = "$(TARGET_NAME)";
				SWIFT_EMIT_LOC_STRINGS = YES;
				SWIFT_VERSION = 5.0;
				TARGETED_DEVICE_FAMILY = "1,2";
			};
			name = Release;
		};
/* End XCBuildConfiguration section */

/* Begin XCConfigurationList section */
		E73B95302A38383E003FEE45 /* Build configuration list for PBXProject "CIRAWFilterExample" */ = {
			isa = XCConfigurationList;
			buildConfigurations = (
				E73B95412A38383F003FEE45 /* Debug */,
				E73B95422A38383F003FEE45 /* Release */,
			);
			defaultConfigurationIsVisible = 0;
			defaultConfigurationName = Release;
		};
		E73B95432A38383F003FEE45 /* Build configuration list for PBXNativeTarget "CIRAWFilterExample" */ = {
			isa = XCConfigurationList;
			buildConfigurations = (
				E73B95442A38383F003FEE45 /* Debug */,
				E73B95452A38383F003FEE45 /* Release */,
			);
			defaultConfigurationIsVisible = 0;
			defaultConfigurationName = Release;
		};
/* End XCConfigurationList section */
	};
	rootObject = E73B952D2A38383E003FEE45 /* Project object */;
}
